
Microsoft Visual Studio Solution File, Format Version 12.00
# Visual Studio Version 16
VisualStudioVersion = 16.0.30011.22
MinimumVisualStudioVersion = 10.0.40219.1
Project("{FAE04EC0-301F-11D3-BF4B-00C04F79EFBC}") = "IHelloRemotingService", "IHelloRemotingService\IHelloRemotingService.csproj", "{8FCF6BB4-5193-4520-8372-295799835980}"
EndProject
Project("{FAE04EC0-301F-11D3-BF4B-00C04F79EFBC}") = "HelloRemotingService", "HelloRemotingService\HelloRemotingService.csproj", "{CE72E474-E998-4590-8D34-827F5428DF08}"
EndProject
Project("{FAE04EC0-301F-11D3-BF4B-00C04F79EFBC}") = "RemotingServiceHost", "RemotingServiceHost\RemotingServiceHost.csproj", "{77D4A1A2-2E67-4B38-B3E7-214B4E3B58EA}"
EndProject
Project("{FAE04EC0-301F-11D3-BF4B-00C04F79EFBC}") = "HelloRemotingServiceClient", "HelloRemotingServiceClient\HelloRemotingServiceClient.csproj", "{2B541CCD-7386-4AD6-AB13-FC197F671CD9}"
EndProject
Global
	GlobalSection(SolutionConfigurationPlatforms) = preSolution
		Debug|Any CPU = Debug|Any CPU
		Release|Any CPU = Release|Any CPU
	EndGlobalSection
	GlobalSection(ProjectConfigurationPlatforms) = postSolution
		{8FCF6BB4-5193-4520-8372-295799835980}.Debug|Any CPU.ActiveCfg = Debug|Any CPU
		{8FCF6BB4-5193-4520-8372-295799835980}.Debug|Any CPU.Build.0 = Debug|Any CPU
		{8FCF6BB4-5193-4520-8372-295799835980}.Release|Any CPU.ActiveCfg = Release|Any CPU
		{8FCF6BB4-5193-4520-8372-295799835980}.Release|Any CPU.Build.0 = Release|Any CPU
		{CE72E474-E998-4590-8D34-827F5428DF08}.Debug|Any CPU.ActiveCfg = Debug|Any CPU
		{CE72E474-E998-4590-8D34-827F5428DF08}.Debug|Any CPU.Build.0 = Debug|Any CPU
		{CE72E474-E998-4590-8D34-827F5428DF08}.Release|Any CPU.ActiveCfg = Release|Any CPU
		{CE72E474-E998-4590-8D34-827F5428DF08}.Release|Any CPU.Build.0 = Release|Any CPU
		{77D4A1A2-2E67-4B38-B3E7-214B4E3B58EA}.Debug|Any CPU.ActiveCfg = Debug|Any CPU
		{77D4A1A2-2E67-4B38-B3E7-214B4E3B58EA}.Debug|Any CPU.Build.0 = Debug|Any CPU
		{77D4A1A2-2E67-4B38-B3E7-214B4E3B58EA}.Release|Any CPU.ActiveCfg = Release|Any CPU
		{77D4A1A2-2E67-4B38-B3E7-214B4E3B58EA}.Release|Any CPU.Build.0 = Release|Any CPU
		{2B541CCD-7386-4AD6-AB13-FC197F671CD9}.Debug|Any CPU.ActiveCfg = Debug|Any CPU
		{2B541CCD-7386-4AD6-AB13-FC197F671CD9}.Debug|Any CPU.Build.0 = Debug|Any CPU
		{2B541CCD-7386-4AD6-AB13-FC197F671CD9}.Release|Any CPU.ActiveCfg = Release|Any CPU
		{2B541CCD-7386-4AD6-AB13-FC197F671CD9}.Release|Any CPU.Build.0 = Release|Any CPU
	EndGlobalSection
	GlobalSection(SolutionProperties) = preSolution
		HideSolutionNode = FALSE
	EndGlobalSection
	GlobalSection(ExtensibilityGlobals) = postSolution
		SolutionGuid = {7AC529F9-24E4-49D1-A4C4-070B2C262A9C}
	EndGlobalSection
EndGlobal
